# THIS IS AN AUTOGENERATED FILE. DO NOT EDIT THIS FILE DIRECTLY.
# yarn lockfile v1


dat.gui@^0.7.9:
  version "0.7.9"
  resolved "https://registry.yarnpkg.com/dat.gui/-/dat.gui-0.7.9.tgz#860cab06053b028e327820eabdf25a13cf07b17e"
  integrity sha512-sCNc1OHobc+Erc1HqiswYgHdVNpSJUlk/Hz8vzOCsER7rl+oF/4+v8GXFUyCgtXpoCX6+bnmg07DedLvBLwYKQ==

stats.js@^0.17.0:
  version "0.17.0"
  resolved "https://registry.yarnpkg.com/stats.js/-/stats.js-0.17.0.tgz#b1c3dc46d94498b578b7fd3985b81ace7131cc7d"
  integrity sha512-hNKz8phvYLPEcRkeG1rsGmV5ChMjKDAWU7/OJJdDErPBNChQXxCo3WZurGpnWc6gZhAzEPFad1aVgyOANH1sMw==

three-orbitcontrols@^2.110.3:
  version "2.110.3"
  resolved "https://registry.yarnpkg.com/three-orbitcontrols/-/three-orbitcontrols-2.110.3.tgz#ca9c91d5ec2f4731a1140acf2ff0281e15988edf"
  integrity sha512-BNNbksJwbN3/MmT0X/gjz5ZCchm7bjk26SUdtJYRxfEYjDfkb/0PeUTHE/KuyJ5vb/owK3mojyy3vcqDx99sRA==

three@^0.171.0:
  version "0.171.0"
  resolved "https://registry.yarnpkg.com/three/-/three-0.171.0.tgz#3c0dd3f8fa14e78a7f8db6e416b98f264f1185c0"
  integrity sha512-Y/lAXPaKZPcEdkKjh0JOAHVv8OOnv/NDJqm0wjfCzyQmfKxV7zvkwsnBgPBKTzJHToSOhRGQAGbPJObT59B/PQ==
